// !$*UTF8*$!
{
	archiveVersion = 1;
	classes = {
	};
	objectVersion = 46;
	objects = {

/* Begin PBXBuildFile section */
		51180F381E59F619009C0953 /* main.m in Sources */ = {isa = PBXBuildFile; fileRef = 51180F371E59F619009C0953 /* main.m */; };
		51180F3B1E59F619009C0953 /* AppDelegate.m in Sources */ = {isa = PBXBuildFile; fileRef = 51180F3A1E59F619009C0953 /* AppDelegate.m */; };
		51180F3E1E59F619009C0953 /* ViewController.m in Sources */ = {isa = PBXBuildFile; fileRef = 51180F3D1E59F619009C0953 /* ViewController.m */; };
		51180F411E59F619009C0953 /* Main.storyboard in Resources */ = {isa = PBXBuildFile; fileRef = 51180F3F1E59F619009C0953 /* Main.storyboard */; };
		51180F431E59F619009C0953 /* Assets.xcassets in Resources */ = {isa = PBXBuildFile; fileRef = 51180F421E59F619009C0953 /* Assets.xcassets */; };
		51180F461E59F619009C0953 /* LaunchScreen.storyboard in Resources */ = {isa = PBXBuildFile; fileRef = 51180F441E59F619009C0953 /* LaunchScreen.storyboard */; };
		51180F511E59F619009C0953 /* a6Tests.m in Sources */ = {isa = PBXBuildFile; fileRef = 51180F501E59F619009C0953 /* a6Tests.m */; };
		51180F5C1E59F619009C0953 /* a6UITests.m in Sources */ = {isa = PBXBuildFile; fileRef = 51180F5B1E59F619009C0953 /* a6UITests.m */; };
/* End PBXBuildFile section */

/* Begin PBXContainerItemProxy section */
		51180F4D1E59F619009C0953 /* PBXContainerItemProxy */ = {
			isa = PBXContainerItemProxy;
			containerPortal = 51180F2B1E59F619009C0953 /* Project object */;
			proxyType = 1;
			remoteGlobalIDString = 51180F321E59F619009C0953;
			remoteInfo = a6;
		};
		51180F581E59F619009C0953 /* PBXContainerItemProxy */ = {
			isa = PBXContainerItemProxy;
			containerPortal = 51180F2B1E59F619009C0953 /* Project object */;
			proxyType = 1;
			remoteGlobalIDString = 51180F321E59F619009C0953;
			remoteInfo = a6;
		};
/* End PBXContainerItemProxy section */

/* Begin PBXFileReference section */
		51180F331E59F619009C0953 /* a6.app */ = {isa = PBXFileReference; explicitFileType = wrapper.application; includeInIndex = 0; path = a6.app; sourceTree = BUILT_PRODUCTS_DIR; };
		51180F371E59F619009C0953 /* main.m */ = {isa = PBXFileReference; lastKnownFileType = sourcecode.c.objc; path = main.m; sourceTree = "<group>"; };
		51180F391E59F619009C0953 /* AppDelegate.h */ = {isa = PBXFileReference; lastKnownFileType = sourcecode.c.h; path = AppDelegate.h; sourceTree = "<group>"; };
		51180F3A1E59F619009C0953 /* AppDelegate.m */ = {isa = PBXFileReference; lastKnownFileType = sourcecode.c.objc; path = AppDelegate.m; sourceTree = "<group>"; };
		51180F3C1E59F619009C0953 /* ViewController.h */ = {isa = PBXFileReference; lastKnownFileType = sourcecode.c.h; path = ViewController.h; sourceTree = "<group>"; };
		51180F3D1E59F619009C0953 /* ViewController.m */ = {isa = PBXFileReference; lastKnownFileType = sourcecode.c.objc; path = ViewController.m; sourceTree = "<group>"; };
		51180F401E59F619009C0953 /* Base */ = {isa = PBXFileReference; lastKnownFileType = file.storyboard; name = Base; path = Base.lproj/Main.storyboard; sourceTree = "<group>"; };
		51180F421E59F619009C0953 /* Assets.xcassets */ = {isa = PBXFileReference; lastKnownFileType = folder.assetcatalog; path = Assets.xcassets; sourceTree = "<group>"; };
		51180F451E59F619009C0953 /* Base */ = {isa = PBXFileReference; lastKnownFileType = file.storyboard; name = Base; path = Base.lproj/LaunchScreen.storyboard; sourceTree = "<group>"; };
		51180F471E59F619009C0953 /* Info.plist */ = {isa = PBXFileReference; lastKnownFileType = text.plist.xml; path = Info.plist; sourceTree = "<group>"; };
		51180F4C1E59F619009C0953 /* a6Tests.xctest */ = {isa = PBXFileReference; explicitFileType = wrapper.cfbundle; includeInIndex = 0; path = a6Tests.xctest; sourceTree = BUILT_PRODUCTS_DIR; };
		51180F501E59F619009C0953 /* a6Tests.m */ = {isa = PBXFileReference; lastKnownFileType = sourcecode.c.objc; path = a6Tests.m; sourceTree = "<group>"; };
		51180F521E59F619009C0953 /* Info.plist */ = {isa = PBXFileReference; lastKnownFileType = text.plist.xml; path = Info.plist; sourceTree = "<group>"; };
		51180F571E59F619009C0953 /* a6UITests.xctest */ = {isa = PBXFileReference; explicitFileType = wrapper.cfbundle; includeInIndex = 0; path = a6UITests.xctest; sourceTree = BUILT_PRODUCTS_DIR; };
		51180F5B1E59F619009C0953 /* a6UITests.m */ = {isa = PBXFileReference; lastKnownFileType = sourcecode.c.objc; path = a6UITests.m; sourceTree = "<group>"; };
		51180F5D1E59F619009C0953 /* Info.plist */ = {isa = PBXFileReference; lastKnownFileType = text.plist.xml; path = Info.plist; sourceTree = "<group>"; };
/* End PBXFileReference section */

/* Begin PBXFrameworksBuildPhase section */
		51180F301E59F619009C0953 /* Frameworks */ = {
			isa = PBXFrameworksBuildPhase;
			buildActionMask = 2147483647;
			files = (
			);
			runOnlyForDeploymentPostprocessing = 0;
		};
		51180F491E59F619009C0953 /* Frameworks */ = {
			isa = PBXFrameworksBuildPhase;
			buildActionMask = 2147483647;
			files = (
			);
			runOnlyForDeploymentPostprocessing = 0;
		};
		51180F541E59F619009C0953 /* Frameworks */ = {
			isa = PBXFrameworksBuildPhase;
			buildActionMask = 2147483647;
			files = (
			);
			runOnlyForDeploymentPostprocessing = 0;
		};
/* End PBXFrameworksBuildPhase section */

/* Begin PBXGroup section */
		51180F2A1E59F619009C0953 = {
			isa = PBXGroup;
			children = (
				51180F351E59F619009C0953 /* a6 */,
				51180F4F1E59F619009C0953 /* a6Tests */,
				51180F5A1E59F619009C0953 /* a6UITests */,
				51180F341E59F619009C0953 /* Products */,
			);
			sourceTree = "<group>";
		};
		51180F341E59F619009C0953 /* Products */ = {
			isa = PBXGroup;
			children = (
				51180F331E59F619009C0953 /* a6.app */,
				51180F4C1E59F619009C0953 /* a6Tests.xctest */,
				51180F571E59F619009C0953 /* a6UITests.xctest */,
			);
			name = Products;
			sourceTree = "<group>";
		};
		51180F351E59F619009C0953 /* a6 */ = {
			isa = PBXGroup;
			children = (
				51180F391E59F619009C0953 /* AppDelegate.h */,
				51180F3A1E59F619009C0953 /* AppDelegate.m */,
				51180F3C1E59F619009C0953 /* ViewController.h */,
				51180F3D1E59F619009C0953 /* ViewController.m */,
				51180F3F1E59F619009C0953 /* Main.storyboard */,
				51180F421E59F619009C0953 /* Assets.xcassets */,
				51180F441E59F619009C0953 /* LaunchScreen.storyboard */,
				51180F471E59F619009C0953 /* Info.plist */,
				51180F361E59F619009C0953 /* Supporting Files */,
			);
			path = a6;
			sourceTree = "<group>";
		};
		51180F361E59F619009C0953 /* Supporting Files */ = {
			isa = PBXGroup;
			children = (
				51180F371E59F619009C0953 /* main.m */,
			);
			name = "Supporting Files";
			sourceTree = "<group>";
		};
		51180F4F1E59F619009C0953 /* a6Tests */ = {
			isa = PBXGroup;
			children = (
				51180F501E59F619009C0953 /* a6Tests.m */,
				51180F521E59F619009C0953 /* Info.plist */,
			);
			path = a6Tests;
			sourceTree = "<group>";
		};
		51180F5A1E59F619009C0953 /* a6UITests */ = {
			isa = PBXGroup;
			children = (
				51180F5B1E59F619009C0953 /* a6UITests.m */,
				51180F5D1E59F619009C0953 /* Info.plist */,
			);
			path = a6UITests;
			sourceTree = "<group>";
		};
/* End PBXGroup section */

/* Begin PBXNativeTarget section */
		51180F321E59F619009C0953 /* a6 */ = {
			isa = PBXNativeTarget;
			buildConfigurationList = 51180F601E59F619009C0953 /* Build configuration list for PBXNativeTarget "a6" */;
			buildPhases = (
				51180F2F1E59F619009C0953 /* Sources */,
				51180F301E59F619009C0953 /* Frameworks */,
				51180F311E59F619009C0953 /* Resources */,
			);
			buildRules = (
			);
			dependencies = (
			);
			name = a6;
			productName = a6;
			productReference = 51180F331E59F619009C0953 /* a6.app */;
			productType = "com.apple.product-type.application";
		};
		51180F4B1E59F619009C0953 /* a6Tests */ = {
			isa = PBXNativeTarget;
			buildConfigurationList = 51180F631E59F619009C0953 /* Build configuration list for PBXNativeTarget "a6Tests" */;
			buildPhases = (
				51180F481E59F619009C0953 /* Sources */,
				51180F491E59F619009C0953 /* Frameworks */,
				51180F4A1E59F619009C0953 /* Resources */,
			);
			buildRules = (
			);
			dependencies = (
				51180F4E1E59F619009C0953 /* PBXTargetDependency */,
			);
			name = a6Tests;
			productName = a6Tests;
			productReference = 51180F4C1E59F619009C0953 /* a6Tests.xctest */;
			productType = "com.apple.product-type.bundle.unit-test";
		};
		51180F561E59F619009C0953 /* a6UITests */ = {
			isa = PBXNativeTarget;
			buildConfigurationList = 51180F661E59F619009C0953 /* Build configuration list for PBXNativeTarget "a6UITests" */;
			buildPhases = (
				51180F531E59F619009C0953 /* Sources */,
				51180F541E59F619009C0953 /* Frameworks */,
				51180F551E59F619009C0953 /* Resources */,
			);
			buildRules = (
			);
			dependencies = (
				51180F591E59F619009C0953 /* PBXTargetDependency */,
			);
			name = a6UITests;
			productName = a6UITests;
			productReference = 51180F571E59F619009C0953 /* a6UITests.xctest */;
			productType = "com.apple.product-type.bundle.ui-testing";
		};
/* End PBXNativeTarget section */

/* Begin PBXProject section */
		51180F2B1E59F619009C0953 /* Project object */ = {
			isa = PBXProject;
			attributes = {
				LastUpgradeCheck = 0820;
				ORGANIZATIONNAME = "lv hailin";
				TargetAttributes = {
					51180F321E59F619009C0953 = {
						CreatedOnToolsVersion = 8.2.1;
						ProvisioningStyle = Automatic;
					};
					51180F4B1E59F619009C0953 = {
						CreatedOnToolsVersion = 8.2.1;
						ProvisioningStyle = Automatic;
						TestTargetID = 51180F321E59F619009C0953;
					};
					51180F561E59F619009C0953 = {
						CreatedOnToolsVersion = 8.2.1;
						ProvisioningStyle = Automatic;
						TestTargetID = 51180F321E59F619009C0953;
					};
				};
			};
			buildConfigurationList = 51180F2E1E59F619009C0953 /* Build configuration list for PBXProject "a6" */;
			compatibilityVersion = "Xcode 3.2";
			developmentRegion = English;
			hasScannedForEncodings = 0;
			knownRegions = (
				en,
				Base,
			);
			mainGroup = 51180F2A1E59F619009C0953;
			productRefGroup = 51180F341E59F619009C0953 /* Products */;
			projectDirPath = "";
			projectRoot = "";
			targets = (
				51180F321E59F619009C0953 /* a6 */,
				51180F4B1E59F619009C0953 /* a6Tests */,
				51180F561E59F619009C0953 /* a6UITests */,
			);
		};
/* End PBXProject section */

/* Begin PBXResourcesBuildPhase section */
		51180F311E59F619009C0953 /* Resources */ = {
			isa = PBXResourcesBuildPhase;
			buildActionMask = 2147483647;
			files = (
				51180F461E59F619009C0953 /* LaunchScreen.storyboard in Resources */,
				51180F431E59F619009C0953 /* Assets.xcassets in Resources */,
				51180F411E59F619009C0953 /* Main.storyboard in Resources */,
			);
			runOnlyForDeploymentPostprocessing = 0;
		};
		51180F4A1E59F619009C0953 /* Resources */ = {
			isa = PBXResourcesBuildPhase;
			buildActionMask = 2147483647;
			files = (
			);
			runOnlyForDeploymentPostprocessing = 0;
		};
		51180F551E59F619009C0953 /* Resources */ = {
			isa = PBXResourcesBuildPhase;
			buildActionMask = 2147483647;
			files = (
			);
			runOnlyForDeploymentPostprocessing = 0;
		};
/* End PBXResourcesBuildPhase section */

/* Begin PBXSourcesBuildPhase section */
		51180F2F1E59F619009C0953 /* Sources */ = {
			isa = PBXSourcesBuildPhase;
			buildActionMask = 2147483647;
			files = (
				51180F3E1E59F619009C0953 /* ViewController.m in Sources */,
				51180F3B1E59F619009C0953 /* AppDelegate.m in Sources */,
				51180F381E59F619009C0953 /* main.m in Sources */,
			);
			runOnlyForDeploymentPostprocessing = 0;
		};
		51180F481E59F619009C0953 /* Sources */ = {
			isa = PBXSourcesBuildPhase;
			buildActionMask = 2147483647;
			files = (
				51180F511E59F619009C0953 /* a6Tests.m in Sources */,
			);
			runOnlyForDeploymentPostprocessing = 0;
		};
		51180F531E59F619009C0953 /* Sources */ = {
			isa = PBXSourcesBuildPhase;
			buildActionMask = 2147483647;
			files = (
				51180F5C1E59F619009C0953 /* a6UITests.m in Sources */,
			);
			runOnlyForDeploymentPostprocessing = 0;
		};
/* End PBXSourcesBuildPhase section */

/* Begin PBXTargetDependency section */
		51180F4E1E59F619009C0953 /* PBXTargetDependency */ = {
			isa = PBXTargetDependency;
			target = 51180F321E59F619009C0953 /* a6 */;
			targetProxy = 51180F4D1E59F619009C0953 /* PBXContainerItemProxy */;
		};
		51180F591E59F619009C0953 /* PBXTargetDependency */ = {
			isa = PBXTargetDependency;
			target = 51180F321E59F619009C0953 /* a6 */;
			targetProxy = 51180F581E59F619009C0953 /* PBXContainerItemProxy */;
		};
/* End PBXTargetDependency section */

/* Begin PBXVariantGroup section */
		51180F3F1E59F619009C0953 /* Main.storyboard */ = {
			isa = PBXVariantGroup;
			children = (
				51180F401E59F619009C0953 /* Base */,
			);
			name = Main.storyboard;
			sourceTree = "<group>";
		};
		51180F441E59F619009C0953 /* LaunchScreen.storyboard */ = {
			isa = PBXVariantGroup;
			children = (
				51180F451E59F619009C0953 /* Base */,
			);
			name = LaunchScreen.storyboard;
			sourceTree = "<group>";
		};
/* End PBXVariantGroup section */

/* Begin XCBuildConfiguration section */
		51180F5E1E59F619009C0953 /* Debug */ = {
			isa = XCBuildConfiguration;
			buildSettings = {
				ALWAYS_SEARCH_USER_PATHS = NO;
				CLANG_ANALYZER_NONNULL = YES;
				CLANG_CXX_LANGUAGE_STANDARD = "gnu++0x";
				CLANG_CXX_LIBRARY = "libc++";
				CLANG_ENABLE_MODULES = YES;
				CLANG_ENABLE_OBJC_ARC = YES;
				CLANG_WARN_BOOL_CONVERSION = YES;
				CLANG_WARN_CONSTANT_CONVERSION = YES;
				CLANG_WARN_DIRECT_OBJC_ISA_USAGE = YES_ERROR;
				CLANG_WARN_DOCUMENTATION_COMMENTS = YES;
				CLANG_WARN_EMPTY_BODY = YES;
				CLANG_WARN_ENUM_CONVERSION = YES;
				CLANG_WARN_INFINITE_RECURSION = YES;
				CLANG_WARN_INT_CONVERSION = YES;
				CLANG_WARN_OBJC_ROOT_CLASS = YES_ERROR;
				CLANG_WARN_SUSPICIOUS_MOVE = YES;
				CLANG_WARN_UNREACHABLE_CODE = YES;
				CLANG_WARN__DUPLICATE_METHOD_MATCH = YES;
				"CODE_SIGN_IDENTITY[sdk=iphoneos*]" = "iPhone Developer";
				COPY_PHASE_STRIP = NO;
				DEBUG_INFORMATION_FORMAT = dwarf;
				ENABLE_STRICT_OBJC_MSGSEND = YES;
				ENABLE_TESTABILITY = YES;
				GCC_C_LANGUAGE_STANDARD = gnu99;
				GCC_DYNAMIC_NO_PIC = NO;
				GCC_NO_COMMON_BLOCKS = YES;
				GCC_OPTIMIZATION_LEVEL = 0;
				GCC_PREPROCESSOR_DEFINITIONS = (
					"DEBUG=1",
					"$(inherited)",
				);
				GCC_WARN_64_TO_32_BIT_CONVERSION = YES;
				GCC_WARN_ABOUT_RETURN_TYPE = YES_ERROR;
				GCC_WARN_UNDECLARED_SELECTOR = YES;
				GCC_WARN_UNINITIALIZED_AUTOS = YES_AGGRESSIVE;
				GCC_WARN_UNUSED_FUNCTION = YES;
				GCC_WARN_UNUSED_VARIABLE = YES;
				IPHONEOS_DEPLOYMENT_TARGET = 10.2;
				MTL_ENABLE_DEBUG_INFO = YES;
				ONLY_ACTIVE_ARCH = YES;
				SDKROOT = iphoneos;
				TARGETED_DEVICE_FAMILY = "1,2";
			};
			name = Debug;
		};
		51180F5F1E59F619009C0953 /* Release */ = {
			isa = XCBuildConfiguration;
			buildSettings = {
				ALWAYS_SEARCH_USER_PATHS = NO;
				CLANG_ANALYZER_NONNULL = YES;
				CLANG_CXX_LANGUAGE_STANDARD = "gnu++0x";
				CLANG_CXX_LIBRARY = "libc++";
				CLANG_ENABLE_MODULES = YES;
				CLANG_ENABLE_OBJC_ARC = YES;
				CLANG_WARN_BOOL_CONVERSION = YES;
				CLANG_WARN_CONSTANT_CONVERSION = YES;
				CLANG_WARN_DIRECT_OBJC_ISA_USAGE = YES_ERROR;
				CLANG_WARN_DOCUMENTATION_COMMENTS = YES;
				CLANG_WARN_EMPTY_BODY = YES;
				CLANG_WARN_ENUM_CONVERSION = YES;
				CLANG_WARN_INFINITE_RECURSION = YES;
				CLANG_WARN_INT_CONVERSION = YES;
				CLANG_WARN_OBJC_ROOT_CLASS = YES_ERROR;
				CLANG_WARN_SUSPICIOUS_MOVE = YES;
				CLANG_WARN_UNREACHABLE_CODE = YES;
				CLANG_WARN__DUPLICATE_METHOD_MATCH = YES;
				"CODE_SIGN_IDENTITY[sdk=iphoneos*]" = "iPhone Developer";
				COPY_PHASE_STRIP = NO;
				DEBUG_INFORMATION_FORMAT = "dwarf-with-dsym";
				ENABLE_NS_ASSERTIONS = NO;
				ENABLE_STRICT_OBJC_MSGSEND = YES;
				GCC_C_LANGUAGE_STANDARD = gnu99;
				GCC_NO_COMMON_BLOCKS = YES;
				GCC_WARN_64_TO_32_BIT_CONVERSION = YES;
				GCC_WARN_ABOUT_RETURN_TYPE = YES_ERROR;
				GCC_WARN_UNDECLARED_SELECTOR = YES;
				GCC_WARN_UNINITIALIZED_AUTOS = YES_AGGRESSIVE;
				GCC_WARN_UNUSED_FUNCTION = YES;
				GCC_WARN_UNUSED_VARIABLE = YES;
				IPHONEOS_DEPLOYMENT_TARGET = 10.2;
				MTL_ENABLE_DEBUG_INFO = NO;
				SDKROOT = iphoneos;
				TARGETED_DEVICE_FAMILY = "1,2";
				VALIDATE_PRODUCT = YES;
			};
			name = Release;
		};
		51180F611E59F619009C0953 /* Debug */ = {
			isa = XCBuildConfiguration;
			buildSettings = {
				ASSETCATALOG_COMPILER_APPICON_NAME = AppIcon;
				INFOPLIST_FILE = a6/Info.plist;
				LD_RUNPATH_SEARCH_PATHS = "$(inherited) @executable_path/Frameworks";
				PRODUCT_BUNDLE_IDENTIFIER = sky.a6;
				PRODUCT_NAME = "$(TARGET_NAME)";
			};
			name = Debug;
		};
		51180F621E59F619009C0953 /* Release */ = {
			isa = XCBuildConfiguration;
			buildSettings = {
				ASSETCATALOG_COMPILER_APPICON_NAME = AppIcon;
				INFOPLIST_FILE = a6/Info.plist;
				LD_RUNPATH_SEARCH_PATHS = "$(inherited) @executable_path/Frameworks";
				PRODUCT_BUNDLE_IDENTIFIER = sky.a6;
				PRODUCT_NAME = "$(TARGET_NAME)";
			};
			name = Release;
		};
		51180F641E59F619009C0953 /* Debug */ = {
			isa = XCBuildConfiguration;
			buildSettings = {
				BUNDLE_LOADER = "$(TEST_HOST)";
				INFOPLIST_FILE = a6Tests/Info.plist;
				LD_RUNPATH_SEARCH_PATHS = "$(inherited) @executable_path/Frameworks @loader_path/Frameworks";
				PRODUCT_BUNDLE_IDENTIFIER = sky.a6Tests;
				PRODUCT_NAME = "$(TARGET_NAME)";
				TEST_HOST = "$(BUILT_PRODUCTS_DIR)/a6.app/a6";
			};
			name = Debug;
		};
		51180F651E59F619009C0953 /* Release */ = {
			isa = XCBuildConfiguration;
			buildSettings = {
				BUNDLE_LOADER = "$(TEST_HOST)";
				INFOPLIST_FILE = a6Tests/Info.plist;
				LD_RUNPATH_SEARCH_PATHS = "$(inherited) @executable_path/Frameworks @loader_path/Frameworks";
				PRODUCT_BUNDLE_IDENTIFIER = sky.a6Tests;
				PRODUCT_NAME = "$(TARGET_NAME)";
				TEST_HOST = "$(BUILT_PRODUCTS_DIR)/a6.app/a6";
			};
			name = Release;
		};
		51180F671E59F619009C0953 /* Debug */ = {
			isa = XCBuildConfiguration;
			buildSettings = {
				INFOPLIST_FILE = a6UITests/Info.plist;
				LD_RUNPATH_SEARCH_PATHS = "$(inherited) @executable_path/Frameworks @loader_path/Frameworks";
				PRODUCT_BUNDLE_IDENTIFIER = sky.a6UITests;
				PRODUCT_NAME = "$(TARGET_NAME)";
				TEST_TARGET_NAME = a6;
			};
			name = Debug;
		};
		51180F681E59F619009C0953 /* Release */ = {
			isa = XCBuildConfiguration;
			buildSettings = {
				INFOPLIST_FILE = a6UITests/Info.plist;
				LD_RUNPATH_SEARCH_PATHS = "$(inherited) @executable_path/Frameworks @loader_path/Frameworks";
				PRODUCT_BUNDLE_IDENTIFIER = sky.a6UITests;
				PRODUCT_NAME = "$(TARGET_NAME)";
				TEST_TARGET_NAME = a6;
			};
			name = Release;
		};
/* End XCBuildConfiguration section */

/* Begin XCConfigurationList section */
		51180F2E1E59F619009C0953 /* Build configuration list for PBXProject "a6" */ = {
			isa = XCConfigurationList;
			buildConfigurations = (
				51180F5E1E59F619009C0953 /* Debug */,
				51180F5F1E59F619009C0953 /* Release */,
			);
			defaultConfigurationIsVisible = 0;
			defaultConfigurationName = Release;
		};
		51180F601E59F619009C0953 /* Build configuration list for PBXNativeTarget "a6" */ = {
			isa = XCConfigurationList;
			buildConfigurations = (
				51180F611E59F619009C0953 /* Debug */,
				51180F621E59F619009C0953 /* Release */,
			);
			defaultConfigurationIsVisible = 0;
		};
		51180F631E59F619009C0953 /* Build configuration list for PBXNativeTarget "a6Tests" */ = {
			isa = XCConfigurationList;
			buildConfigurations = (
				51180F641E59F619009C0953 /* Debug */,
				51180F651E59F619009C0953 /* Release */,
			);
			defaultConfigurationIsVisible = 0;
		};
		51180F661E59F619009C0953 /* Build configuration list for PBXNativeTarget "a6UITests" */ = {
			isa = XCConfigurationList;
			buildConfigurations = (
				51180F671E59F619009C0953 /* Debug */,
				51180F681E59F619009C0953 /* Release */,
			);
			defaultConfigurationIsVisible = 0;
		};
/* End XCConfigurationList section */
	};
	rootObject = 51180F2B1E59F619009C0953 /* Project object */;
}
